{
  "version": 4,
  "terraform_version": "1.14.2",
  "serial": 12,
  "lineage": "676a2db8-121c-80eb-0b6a-a762ec501abc",
  "outputs": {},
  "resources": [
    {
      "mode": "managed",
      "type": "azurerm_linux_virtual_machine",
      "name": "example",
      "provider": "provider[\"registry.terraform.io/hashicorp/azurerm\"]",
      "instances": [
        {
          "schema_version": 0,
          "attributes": {
            "additional_capabilities": [],
            "admin_password": null,
            "admin_ssh_key": [
              {
                "public_key": "ssh-rsa AAAAB3NzaC1yc2EAAAADAQABAAACAQDZEU8WG6sYI9aL9DgQJbBvcGESzViyCneZx4ONySjlWRzLbbymTT2QuJdp1MvvHdYM2PFzlC4JHcjtpagj1hLgJJIF2BeTuaz9EfYKxrn1/mNQW3aPeTYb5Fn5udU2x7AXaOiloHExPCpAu3ibDLEl6b7KbRK2WbufgdIRcYAHFmwXHvus8QV7AQTVgCv/RHfKuS33+O9wNeSpVg2NZ8zJBUp39SvsCNlsjlVWK+huR3NM4u7coLEOmLYt8qbj4K/8iLRqvl1KXglZNWRD56WXktkUL9BGThZprcudkj3ctXrNY8KYREFZMxod8SUQ8AiiQjZ6wYuYjcvJkZr3ubExPuQaPmAiCf2UKuZErwSvYo+UoHAwgWzR/WPmMItwTXlNR+/QUQ67qGCbd/wLhWTklVhRFyRvDZ01VrLZREhhwTVJWlQoF43fzuOqe5D2nKm6CPNP5AxW6UpFaipnokan45/vaw5HLKBlTNMewLaXQvaVuSi8iLX4AwQd/JFgYgqHF+YNOjx8dqw2CWmFvFRGj+msKItUa/9mf2eY26R7y/h4LaYsfCpjzxwvg/xStBjwOQzMTl1Ltehec4aoqEsmzcVtxwxG9nAJ97wYlARxWHlMXbPnJHzXgmEdNBD6+hU+odOnupXyZXBa7e4O7S6F+UNmAv2tRTUzAApEzU2HSw== rupesh@Rupesh\r\n",
                "username": "adminuser"
              }
            ],
            "admin_username": "adminuser",
            "allow_extension_operations": true,
            "availability_set_id": "",
            "boot_diagnostics": [],
            "bypass_platform_safety_checks_on_user_schedule_enabled": false,
            "capacity_reservation_group_id": "",
            "computer_name": "terraform-vm",
            "custom_data": null,
            "dedicated_host_group_id": "",
            "dedicated_host_id": "",
            "disable_password_authentication": true,
            "disk_controller_type": "SCSI",
            "edge_zone": "",
            "encryption_at_host_enabled": false,
            "eviction_policy": "",
            "extensions_time_budget": "PT1H30M",
            "gallery_application": [],
            "id": "/subscriptions/e91c9d5f-a463-4ecd-887a-ae2efce577bd/resourceGroups/terraform-RG/providers/Microsoft.Compute/virtualMachines/terraform-vm",
            "identity": [],
            "license_type": "",
            "location": "centralindia",
            "max_bid_price": -1,
            "name": "terraform-vm",
            "network_interface_ids": [
              "/subscriptions/e91c9d5f-a463-4ecd-887a-ae2efce577bd/resourceGroups/terraform-RG/providers/Microsoft.Network/networkInterfaces/terrfaorm-nic"
            ],
            "os_disk": [
              {
                "caching": "ReadWrite",
                "diff_disk_settings": [],
                "disk_encryption_set_id": "",
                "disk_size_gb": 30,
                "id": "/subscriptions/e91c9d5f-a463-4ecd-887a-ae2efce577bd/resourceGroups/terraform-RG/providers/Microsoft.Compute/disks/terraform-vm_OsDisk_1_06480b6dc15f4f899844be36ceecd11f",
                "name": "terraform-vm_OsDisk_1_06480b6dc15f4f899844be36ceecd11f",
                "secure_vm_disk_encryption_set_id": "",
                "security_encryption_type": "",
                "storage_account_type": "Standard_LRS",
                "write_accelerator_enabled": false
              }
            ],
            "os_image_notification": [],
            "os_managed_disk_id": "/subscriptions/e91c9d5f-a463-4ecd-887a-ae2efce577bd/resourceGroups/terraform-RG/providers/Microsoft.Compute/disks/terraform-vm_OsDisk_1_06480b6dc15f4f899844be36ceecd11f",
            "patch_assessment_mode": "ImageDefault",
            "patch_mode": "ImageDefault",
            "plan": [],
            "platform_fault_domain": -1,
            "priority": "Regular",
            "private_ip_address": "10.0.2.4",
            "private_ip_addresses": [
              "10.0.2.4"
            ],
            "provision_vm_agent": true,
            "proximity_placement_group_id": "",
            "public_ip_address": "",
            "public_ip_addresses": [],
            "reboot_setting": "",
            "resource_group_name": "terraform-RG",
            "secret": [],
            "secure_boot_enabled": false,
            "size": "Standard_B1s",
            "source_image_id": "",
            "source_image_reference": [
              {
                "offer": "ubuntu-24_04-lts",
                "publisher": "Canonical",
                "sku": "server",
                "version": "latest"
              }
            ],
            "tags": null,
            "termination_notification": null,
            "timeouts": null,
            "user_data": "",
            "virtual_machine_id": "5d0bec9e-9ba4-490c-bbf0-467bb6bf6440",
            "virtual_machine_scale_set_id": "",
            "vm_agent_platform_updates_enabled": false,
            "vtpm_enabled": false,
            "zone": ""
          },
          "sensitive_attributes": [
            [
              {
                "type": "get_attr",
                "value": "admin_password"
              }
            ],
            [
              {
                "type": "get_attr",
                "value": "custom_data"
              }
            ]
          ],
          "identity_schema_version": 0,
          "private": "eyJlMmJmYjczMC1lY2FhLTExZTYtOGY4OC0zNDM2M2JjN2M0YzAiOnsiY3JlYXRlIjoyNzAwMDAwMDAwMDAwLCJkZWxldGUiOjI3MDAwMDAwMDAwMDAsInJlYWQiOjMwMDAwMDAwMDAwMCwidXBkYXRlIjoyNzAwMDAwMDAwMDAwfX0=",
          "dependencies": [
            "azurerm_network_interface.example",
            "azurerm_resource_group.example",
            "azurerm_subnet.example",
            "azurerm_virtual_network.example"
          ]
        }
      ]
    },
    {
      "mode": "managed",
      "type": "azurerm_network_interface",
      "name": "example",
      "provider": "provider[\"registry.terraform.io/hashicorp/azurerm\"]",
      "instances": [
        {
          "schema_version": 0,
          "attributes": {
            "accelerated_networking_enabled": false,
            "applied_dns_servers": [],
            "auxiliary_mode": "",
            "auxiliary_sku": "",
            "dns_servers": null,
            "edge_zone": "",
            "id": "/subscriptions/e91c9d5f-a463-4ecd-887a-ae2efce577bd/resourceGroups/terraform-RG/providers/Microsoft.Network/networkInterfaces/terrfaorm-nic",
            "internal_dns_name_label": "",
            "internal_domain_name_suffix": "5k5gtchcsx1etabuez1djtl1yd.rx.internal.cloudapp.net",
            "ip_configuration": [
              {
                "gateway_load_balancer_frontend_ip_configuration_id": "",
                "name": "internal",
                "primary": true,
                "private_ip_address": "10.0.2.4",
                "private_ip_address_allocation": "Dynamic",
                "private_ip_address_version": "IPv4",
                "public_ip_address_id": "",
                "subnet_id": "/subscriptions/e91c9d5f-a463-4ecd-887a-ae2efce577bd/resourceGroups/terraform-RG/providers/Microsoft.Network/virtualNetworks/terraform-vnet/subnets/terraform-subnet"
              }
            ],
            "ip_forwarding_enabled": false,
            "location": "centralindia",
            "mac_address": "",
            "name": "terrfaorm-nic",
            "private_ip_address": "10.0.2.4",
            "private_ip_addresses": [
              "10.0.2.4"
            ],
            "resource_group_name": "terraform-RG",
            "tags": null,
            "timeouts": null,
            "virtual_machine_id": ""
          },
          "sensitive_attributes": [],
          "identity_schema_version": 0,
          "identity": {
            "name": "terrfaorm-nic",
            "resource_group_name": "terraform-RG",
            "subscription_id": "e91c9d5f-a463-4ecd-887a-ae2efce577bd"
          },
          "private": "eyJlMmJmYjczMC1lY2FhLTExZTYtOGY4OC0zNDM2M2JjN2M0YzAiOnsiY3JlYXRlIjoxODAwMDAwMDAwMDAwLCJkZWxldGUiOjE4MDAwMDAwMDAwMDAsInJlYWQiOjMwMDAwMDAwMDAwMCwidXBkYXRlIjoxODAwMDAwMDAwMDAwfX0=",
          "dependencies": [
            "azurerm_resource_group.example",
            "azurerm_subnet.example",
            "azurerm_virtual_network.example"
          ]
        }
      ]
    },
    {
      "mode": "managed",
      "type": "azurerm_resource_group",
      "name": "example",
      "provider": "provider[\"registry.terraform.io/hashicorp/azurerm\"]",
      "instances": [
        {
          "schema_version": 0,
          "attributes": {
            "id": "/subscriptions/e91c9d5f-a463-4ecd-887a-ae2efce577bd/resourceGroups/terraform-RG",
            "location": "centralindia",
            "managed_by": "",
            "name": "terraform-RG",
            "tags": null,
            "timeouts": null
          },
          "sensitive_attributes": [],
          "identity_schema_version": 0,
          "identity": {
            "name": "terraform-RG",
            "subscription_id": "e91c9d5f-a463-4ecd-887a-ae2efce577bd"
          },
          "private": "eyJlMmJmYjczMC1lY2FhLTExZTYtOGY4OC0zNDM2M2JjN2M0YzAiOnsiY3JlYXRlIjo1NDAwMDAwMDAwMDAwLCJkZWxldGUiOjU0MDAwMDAwMDAwMDAsInJlYWQiOjMwMDAwMDAwMDAwMCwidXBkYXRlIjo1NDAwMDAwMDAwMDAwfX0="
        }
      ]
    },
    {
      "mode": "managed",
      "type": "azurerm_subnet",
      "name": "example",
      "provider": "provider[\"registry.terraform.io/hashicorp/azurerm\"]",
      "instances": [
        {
          "schema_version": 0,
          "attributes": {
            "address_prefixes": [
              "10.0.2.0/24"
            ],
            "default_outbound_access_enabled": true,
            "delegation": [],
            "id": "/subscriptions/e91c9d5f-a463-4ecd-887a-ae2efce577bd/resourceGroups/terraform-RG/providers/Microsoft.Network/virtualNetworks/terraform-vnet/subnets/terraform-subnet",
            "ip_address_pool": [],
            "name": "terraform-subnet",
            "private_endpoint_network_policies": "Disabled",
            "private_link_service_network_policies_enabled": true,
            "resource_group_name": "terraform-RG",
            "service_endpoint_policy_ids": null,
            "service_endpoints": null,
            "sharing_scope": "",
            "timeouts": null,
            "virtual_network_name": "terraform-vnet"
          },
          "sensitive_attributes": [],
          "identity_schema_version": 0,
          "identity": {
            "name": "terraform-subnet",
            "resource_group_name": "terraform-RG",
            "subscription_id": "e91c9d5f-a463-4ecd-887a-ae2efce577bd",
            "virtual_network_name": "terraform-vnet"
          },
          "private": "eyJlMmJmYjczMC1lY2FhLTExZTYtOGY4OC0zNDM2M2JjN2M0YzAiOnsiY3JlYXRlIjoxODAwMDAwMDAwMDAwLCJkZWxldGUiOjE4MDAwMDAwMDAwMDAsInJlYWQiOjMwMDAwMDAwMDAwMCwidXBkYXRlIjoxODAwMDAwMDAwMDAwfX0=",
          "dependencies": [
            "azurerm_resource_group.example",
            "azurerm_virtual_network.example"
          ]
        }
      ]
    },
    {
      "mode": "managed",
      "type": "azurerm_virtual_network",
      "name": "example",
      "provider": "provider[\"registry.terraform.io/hashicorp/azurerm\"]",
      "instances": [
        {
          "schema_version": 0,
          "attributes": {
            "address_space": [
              "10.0.0.0/16"
            ],
            "bgp_community": "",
            "ddos_protection_plan": [],
            "dns_servers": [],
            "edge_zone": "",
            "encryption": [],
            "flow_timeout_in_minutes": 0,
            "guid": "8869befa-95e2-49f6-8034-267634cd7bc3",
            "id": "/subscriptions/e91c9d5f-a463-4ecd-887a-ae2efce577bd/resourceGroups/terraform-RG/providers/Microsoft.Network/virtualNetworks/terraform-vnet",
            "ip_address_pool": [],
            "location": "centralindia",
            "name": "terraform-vnet",
            "private_endpoint_vnet_policies": "Disabled",
            "resource_group_name": "terraform-RG",
            "subnet": [],
            "tags": null,
            "timeouts": null
          },
          "sensitive_attributes": [],
          "identity_schema_version": 0,
          "identity": {
            "name": "terraform-vnet",
            "resource_group_name": "terraform-RG",
            "subscription_id": "e91c9d5f-a463-4ecd-887a-ae2efce577bd"
          },
          "private": "eyJlMmJmYjczMC1lY2FhLTExZTYtOGY4OC0zNDM2M2JjN2M0YzAiOnsiY3JlYXRlIjoxODAwMDAwMDAwMDAwLCJkZWxldGUiOjE4MDAwMDAwMDAwMDAsInJlYWQiOjMwMDAwMDAwMDAwMCwidXBkYXRlIjoxODAwMDAwMDAwMDAwfX0=",
          "dependencies": [
            "azurerm_resource_group.example"
          ]
        }
      ]
    }
  ],
  "check_results": null
}
